
Microsoft Visual Studio Solution File, Format Version 12.00
# Visual Studio Version 16
Project("{8BC9CEB8-8B4A-11D0-8D11-00A0C91BC942}") = "ALL_BUILD", "ALL_BUILD.vcxproj", "{186399EE-F3F8-35C6-B7F7-942E6E55849E}"
	ProjectSection(ProjectDependencies) = postProject
		{7D18B516-5B45-375C-845F-1345CA6FA4A2} = {7D18B516-5B45-375C-845F-1345CA6FA4A2}
		{61B775CB-DED0-37BC-BC82-6A402A099B85} = {61B775CB-DED0-37BC-BC82-6A402A099B85}
	EndProjectSection
EndProject
Project("{8BC9CEB8-8B4A-11D0-8D11-00A0C91BC942}") = "INSTALL", "INSTALL.vcxproj", "{25B99A29-71AA-377C-941C-A94FE12A90D0}"
	ProjectSection(ProjectDependencies) = postProject
		{186399EE-F3F8-35C6-B7F7-942E6E55849E} = {186399EE-F3F8-35C6-B7F7-942E6E55849E}
		{7D18B516-5B45-375C-845F-1345CA6FA4A2} = {7D18B516-5B45-375C-845F-1345CA6FA4A2}
	EndProjectSection
EndProject
Project("{8BC9CEB8-8B4A-11D0-8D11-00A0C91BC942}") = "ZERO_CHECK", "..\..\\ZERO_CHECK.vcxproj", "{7D18B516-5B45-375C-845F-1345CA6FA4A2}"
	ProjectSection(ProjectDependencies) = postProject
	EndProjectSection
EndProject
Project("{8BC9CEB8-8B4A-11D0-8D11-00A0C91BC942}") = "debug_draw", "debug_draw.vcxproj", "{61B775CB-DED0-37BC-BC82-6A402A099B85}"
	ProjectSection(ProjectDependencies) = postProject
		{7D18B516-5B45-375C-845F-1345CA6FA4A2} = {7D18B516-5B45-375C-845F-1345CA6FA4A2}
	EndProjectSection
EndProject
Global
	GlobalSection(SolutionConfigurationPlatforms) = preSolution
		Debug|Win32 = Debug|Win32
		Release|Win32 = Release|Win32
		MinSizeRel|Win32 = MinSizeRel|Win32
		RelWithDebInfo|Win32 = RelWithDebInfo|Win32
	EndGlobalSection
	GlobalSection(ProjectConfigurationPlatforms) = postSolution
		{186399EE-F3F8-35C6-B7F7-942E6E55849E}.Debug|Win32.ActiveCfg = Debug|Win32
		{186399EE-F3F8-35C6-B7F7-942E6E55849E}.Debug|Win32.Build.0 = Debug|Win32
		{186399EE-F3F8-35C6-B7F7-942E6E55849E}.Release|Win32.ActiveCfg = Release|Win32
		{186399EE-F3F8-35C6-B7F7-942E6E55849E}.Release|Win32.Build.0 = Release|Win32
		{186399EE-F3F8-35C6-B7F7-942E6E55849E}.MinSizeRel|Win32.ActiveCfg = MinSizeRel|Win32
		{186399EE-F3F8-35C6-B7F7-942E6E55849E}.MinSizeRel|Win32.Build.0 = MinSizeRel|Win32
		{186399EE-F3F8-35C6-B7F7-942E6E55849E}.RelWithDebInfo|Win32.ActiveCfg = RelWithDebInfo|Win32
		{186399EE-F3F8-35C6-B7F7-942E6E55849E}.RelWithDebInfo|Win32.Build.0 = RelWithDebInfo|Win32
		{25B99A29-71AA-377C-941C-A94FE12A90D0}.Debug|Win32.ActiveCfg = Debug|Win32
		{25B99A29-71AA-377C-941C-A94FE12A90D0}.Release|Win32.ActiveCfg = Release|Win32
		{25B99A29-71AA-377C-941C-A94FE12A90D0}.MinSizeRel|Win32.ActiveCfg = MinSizeRel|Win32
		{25B99A29-71AA-377C-941C-A94FE12A90D0}.RelWithDebInfo|Win32.ActiveCfg = RelWithDebInfo|Win32
		{7D18B516-5B45-375C-845F-1345CA6FA4A2}.Debug|Win32.ActiveCfg = Debug|Win32
		{7D18B516-5B45-375C-845F-1345CA6FA4A2}.Debug|Win32.Build.0 = Debug|Win32
		{7D18B516-5B45-375C-845F-1345CA6FA4A2}.Release|Win32.ActiveCfg = Release|Win32
		{7D18B516-5B45-375C-845F-1345CA6FA4A2}.Release|Win32.Build.0 = Release|Win32
		{7D18B516-5B45-375C-845F-1345CA6FA4A2}.MinSizeRel|Win32.ActiveCfg = MinSizeRel|Win32
		{7D18B516-5B45-375C-845F-1345CA6FA4A2}.MinSizeRel|Win32.Build.0 = MinSizeRel|Win32
		{7D18B516-5B45-375C-845F-1345CA6FA4A2}.RelWithDebInfo|Win32.ActiveCfg = RelWithDebInfo|Win32
		{7D18B516-5B45-375C-845F-1345CA6FA4A2}.RelWithDebInfo|Win32.Build.0 = RelWithDebInfo|Win32
		{61B775CB-DED0-37BC-BC82-6A402A099B85}.Debug|Win32.ActiveCfg = Debug|Win32
		{61B775CB-DED0-37BC-BC82-6A402A099B85}.Debug|Win32.Build.0 = Debug|Win32
		{61B775CB-DED0-37BC-BC82-6A402A099B85}.Release|Win32.ActiveCfg = Release|Win32
		{61B775CB-DED0-37BC-BC82-6A402A099B85}.Release|Win32.Build.0 = Release|Win32
		{61B775CB-DED0-37BC-BC82-6A402A099B85}.MinSizeRel|Win32.ActiveCfg = MinSizeRel|Win32
		{61B775CB-DED0-37BC-BC82-6A402A099B85}.MinSizeRel|Win32.Build.0 = MinSizeRel|Win32
		{61B775CB-DED0-37BC-BC82-6A402A099B85}.RelWithDebInfo|Win32.ActiveCfg = RelWithDebInfo|Win32
		{61B775CB-DED0-37BC-BC82-6A402A099B85}.RelWithDebInfo|Win32.Build.0 = RelWithDebInfo|Win32
	EndGlobalSection
	GlobalSection(ExtensibilityGlobals) = postSolution
		SolutionGuid = {6B8700ED-CD30-3A36-B782-0909AE25C49E}
	EndGlobalSection
	GlobalSection(ExtensibilityAddIns) = postSolution
	EndGlobalSection
EndGlobal
